// !$*UTF8*$!
{
	archiveVersion = 1;
	classes = {
	};
	objectVersion = 56;
	objects = {

/* Begin PBXBuildFile section */
		12A25EC529386929001ECFEE /* AppDelegate.swift in Sources */ = {isa = PBXBuildFile; fileRef = 12A25EC429386929001ECFEE /* AppDelegate.swift */; };
		12A25EC729386929001ECFEE /* SceneDelegate.swift in Sources */ = {isa = PBXBuildFile; fileRef = 12A25EC629386929001ECFEE /* SceneDelegate.swift */; };
		12A25EC929386929001ECFEE /* HomeViewController.swift in Sources */ = {isa = PBXBuildFile; fileRef = 12A25EC829386929001ECFEE /* HomeViewController.swift */; };
		12A25ECC29386929001ECFEE /* Main.storyboard in Resources */ = {isa = PBXBuildFile; fileRef = 12A25ECA29386929001ECFEE /* Main.storyboard */; };
		12A25ECE2938692B001ECFEE /* Assets.xcassets in Resources */ = {isa = PBXBuildFile; fileRef = 12A25ECD2938692B001ECFEE /* Assets.xcassets */; };
		12A25ED12938692B001ECFEE /* LaunchScreen.storyboard in Resources */ = {isa = PBXBuildFile; fileRef = 12A25ECF2938692B001ECFEE /* LaunchScreen.storyboard */; };
		12A25EDE29386BA3001ECFEE /* Item.swift in Sources */ = {isa = PBXBuildFile; fileRef = 12A25EDD29386BA3001ECFEE /* Item.swift */; };
		12A25EE0293901AA001ECFEE /* Section.swift in Sources */ = {isa = PBXBuildFile; fileRef = 12A25EDF293901AA001ECFEE /* Section.swift */; };
/* End PBXBuildFile section */

/* Begin PBXFileReference section */
		12A25EC129386929001ECFEE /* CompositionalLayoutDemoApp.app */ = {isa = PBXFileReference; explicitFileType = wrapper.application; includeInIndex = 0; path = CompositionalLayoutDemoApp.app; sourceTree = BUILT_PRODUCTS_DIR; };
		12A25EC429386929001ECFEE /* AppDelegate.swift */ = {isa = PBXFileReference; lastKnownFileType = sourcecode.swift; path = AppDelegate.swift; sourceTree = "<group>"; };
		12A25EC629386929001ECFEE /* SceneDelegate.swift */ = {isa = PBXFileReference; lastKnownFileType = sourcecode.swift; path = SceneDelegate.swift; sourceTree = "<group>"; };
		12A25EC829386929001ECFEE /* HomeViewController.swift */ = {isa = PBXFileReference; lastKnownFileType = sourcecode.swift; path = HomeViewController.swift; sourceTree = "<group>"; };
		12A25ECB29386929001ECFEE /* Base */ = {isa = PBXFileReference; lastKnownFileType = file.storyboard; name = Base; path = Base.lproj/Main.storyboard; sourceTree = "<group>"; };
		12A25ECD2938692B001ECFEE /* Assets.xcassets */ = {isa = PBXFileReference; lastKnownFileType = folder.assetcatalog; path = Assets.xcassets; sourceTree = "<group>"; };
		12A25ED02938692B001ECFEE /* Base */ = {isa = PBXFileReference; lastKnownFileType = file.storyboard; name = Base; path = Base.lproj/LaunchScreen.storyboard; sourceTree = "<group>"; };
		12A25ED22938692B001ECFEE /* Info.plist */ = {isa = PBXFileReference; lastKnownFileType = text.plist.xml; path = Info.plist; sourceTree = "<group>"; };
		12A25EDD29386BA3001ECFEE /* Item.swift */ = {isa = PBXFileReference; lastKnownFileType = sourcecode.swift; path = Item.swift; sourceTree = "<group>"; };
		12A25EDF293901AA001ECFEE /* Section.swift */ = {isa = PBXFileReference; lastKnownFileType = sourcecode.swift; path = Section.swift; sourceTree = "<group>"; };
/* End PBXFileReference section */

/* Begin PBXFrameworksBuildPhase section */
		12A25EBE29386929001ECFEE /* Frameworks */ = {
			isa = PBXFrameworksBuildPhase;
			buildActionMask = 2147483647;
			files = (
			);
			runOnlyForDeploymentPostprocessing = 0;
		};
/* End PBXFrameworksBuildPhase section */

/* Begin PBXGroup section */
		12A25EB829386929001ECFEE = {
			isa = PBXGroup;
			children = (
				12A25EC329386929001ECFEE /* CompositionalLayoutDemoApp */,
				12A25EC229386929001ECFEE /* Products */,
			);
			sourceTree = "<group>";
		};
		12A25EC229386929001ECFEE /* Products */ = {
			isa = PBXGroup;
			children = (
				12A25EC129386929001ECFEE /* CompositionalLayoutDemoApp.app */,
			);
			name = Products;
			sourceTree = "<group>";
		};
		12A25EC329386929001ECFEE /* CompositionalLayoutDemoApp */ = {
			isa = PBXGroup;
			children = (
				12A25ED8293869A2001ECFEE /* App */,
				12A25EDC29386A62001ECFEE /* Models */,
				12A25EDB29386A40001ECFEE /* Controllers */,
				12A25EDA29386A11001ECFEE /* Views */,
				12A25ECA29386929001ECFEE /* Main.storyboard */,
				12A25ED9293869B1001ECFEE /* Utilities */,
				12A25ED22938692B001ECFEE /* Info.plist */,
			);
			path = CompositionalLayoutDemoApp;
			sourceTree = "<group>";
		};
		12A25ED8293869A2001ECFEE /* App */ = {
			isa = PBXGroup;
			children = (
				12A25EC429386929001ECFEE /* AppDelegate.swift */,
				12A25EC629386929001ECFEE /* SceneDelegate.swift */,
			);
			path = App;
			sourceTree = "<group>";
		};
		12A25ED9293869B1001ECFEE /* Utilities */ = {
			isa = PBXGroup;
			children = (
				12A25ECD2938692B001ECFEE /* Assets.xcassets */,
			);
			path = Utilities;
			sourceTree = "<group>";
		};
		12A25EDA29386A11001ECFEE /* Views */ = {
			isa = PBXGroup;
			children = (
				12A25EE329390856001ECFEE /* SupportingViews */,
				12A25EE1293906DF001ECFEE /* Home */,
				12A25EE2293906E6001ECFEE /* ProductDetails */,
				12A25ECF2938692B001ECFEE /* LaunchScreen.storyboard */,
			);
			path = Views;
			sourceTree = "<group>";
		};
		12A25EDB29386A40001ECFEE /* Controllers */ = {
			isa = PBXGroup;
			children = (
				12A25EC829386929001ECFEE /* HomeViewController.swift */,
			);
			path = Controllers;
			sourceTree = "<group>";
		};
		12A25EDC29386A62001ECFEE /* Models */ = {
			isa = PBXGroup;
			children = (
				12A25EDD29386BA3001ECFEE /* Item.swift */,
				12A25EDF293901AA001ECFEE /* Section.swift */,
			);
			path = Models;
			sourceTree = "<group>";
		};
		12A25EE1293906DF001ECFEE /* Home */ = {
			isa = PBXGroup;
			children = (
			);
			path = Home;
			sourceTree = "<group>";
		};
		12A25EE2293906E6001ECFEE /* ProductDetails */ = {
			isa = PBXGroup;
			children = (
			);
			path = ProductDetails;
			sourceTree = "<group>";
		};
		12A25EE329390856001ECFEE /* SupportingViews */ = {
			isa = PBXGroup;
			children = (
			);
			path = SupportingViews;
			sourceTree = "<group>";
		};
/* End PBXGroup section */

/* Begin PBXNativeTarget section */
		12A25EC029386929001ECFEE /* CompositionalLayoutDemoApp */ = {
			isa = PBXNativeTarget;
			buildConfigurationList = 12A25ED52938692B001ECFEE /* Build configuration list for PBXNativeTarget "CompositionalLayoutDemoApp" */;
			buildPhases = (
				12A25EBD29386929001ECFEE /* Sources */,
				12A25EBE29386929001ECFEE /* Frameworks */,
				12A25EBF29386929001ECFEE /* Resources */,
			);
			buildRules = (
			);
			dependencies = (
			);
			name = CompositionalLayoutDemoApp;
			productName = CompositionalLayoutDemoApp;
			productReference = 12A25EC129386929001ECFEE /* CompositionalLayoutDemoApp.app */;
			productType = "com.apple.product-type.application";
		};
/* End PBXNativeTarget section */

/* Begin PBXProject section */
		12A25EB929386929001ECFEE /* Project object */ = {
			isa = PBXProject;
			attributes = {
				BuildIndependentTargetsInParallel = 1;
				LastSwiftUpdateCheck = 1400;
				LastUpgradeCheck = 1400;
				TargetAttributes = {
					12A25EC029386929001ECFEE = {
						CreatedOnToolsVersion = 14.0.1;
					};
				};
			};
			buildConfigurationList = 12A25EBC29386929001ECFEE /* Build configuration list for PBXProject "CompositionalLayoutDemoApp" */;
			compatibilityVersion = "Xcode 14.0";
			developmentRegion = en;
			hasScannedForEncodings = 0;
			knownRegions = (
				en,
				Base,
			);
			mainGroup = 12A25EB829386929001ECFEE;
			productRefGroup = 12A25EC229386929001ECFEE /* Products */;
			projectDirPath = "";
			projectRoot = "";
			targets = (
				12A25EC029386929001ECFEE /* CompositionalLayoutDemoApp */,
			);
		};
/* End PBXProject section */

/* Begin PBXResourcesBuildPhase section */
		12A25EBF29386929001ECFEE /* Resources */ = {
			isa = PBXResourcesBuildPhase;
			buildActionMask = 2147483647;
			files = (
				12A25ED12938692B001ECFEE /* LaunchScreen.storyboard in Resources */,
				12A25ECE2938692B001ECFEE /* Assets.xcassets in Resources */,
				12A25ECC29386929001ECFEE /* Main.storyboard in Resources */,
			);
			runOnlyForDeploymentPostprocessing = 0;
		};
/* End PBXResourcesBuildPhase section */

/* Begin PBXSourcesBuildPhase section */
		12A25EBD29386929001ECFEE /* Sources */ = {
			isa = PBXSourcesBuildPhase;
			buildActionMask = 2147483647;
			files = (
				12A25EE0293901AA001ECFEE /* Section.swift in Sources */,
				12A25EDE29386BA3001ECFEE /* Item.swift in Sources */,
				12A25EC929386929001ECFEE /* HomeViewController.swift in Sources */,
				12A25EC529386929001ECFEE /* AppDelegate.swift in Sources */,
				12A25EC729386929001ECFEE /* SceneDelegate.swift in Sources */,
			);
			runOnlyForDeploymentPostprocessing = 0;
		};
/* End PBXSourcesBuildPhase section */

/* Begin PBXVariantGroup section */
		12A25ECA29386929001ECFEE /* Main.storyboard */ = {
			isa = PBXVariantGroup;
			children = (
				12A25ECB29386929001ECFEE /* Base */,
			);
			name = Main.storyboard;
			sourceTree = "<group>";
		};
		12A25ECF2938692B001ECFEE /* LaunchScreen.storyboard */ = {
			isa = PBXVariantGroup;
			children = (
				12A25ED02938692B001ECFEE /* Base */,
			);
			name = LaunchScreen.storyboard;
			sourceTree = "<group>";
		};
/* End PBXVariantGroup section */

/* Begin XCBuildConfiguration section */
		12A25ED32938692B001ECFEE /* Debug */ = {
			isa = XCBuildConfiguration;
			buildSettings = {
				ALWAYS_SEARCH_USER_PATHS = NO;
				CLANG_ANALYZER_NONNULL = YES;
				CLANG_ANALYZER_NUMBER_OBJECT_CONVERSION = YES_AGGRESSIVE;
				CLANG_CXX_LANGUAGE_STANDARD = "gnu++20";
				CLANG_ENABLE_MODULES = YES;
				CLANG_ENABLE_OBJC_ARC = YES;
				CLANG_ENABLE_OBJC_WEAK = YES;
				CLANG_WARN_BLOCK_CAPTURE_AUTORELEASING = YES;
				CLANG_WARN_BOOL_CONVERSION = YES;
				CLANG_WARN_COMMA = YES;
				CLANG_WARN_CONSTANT_CONVERSION = YES;
				CLANG_WARN_DEPRECATED_OBJC_IMPLEMENTATIONS = YES;
				CLANG_WARN_DIRECT_OBJC_ISA_USAGE = YES_ERROR;
				CLANG_WARN_DOCUMENTATION_COMMENTS = YES;
				CLANG_WARN_EMPTY_BODY = YES;
				CLANG_WARN_ENUM_CONVERSION = YES;
				CLANG_WARN_INFINITE_RECURSION = YES;
				CLANG_WARN_INT_CONVERSION = YES;
				CLANG_WARN_NON_LITERAL_NULL_CONVERSION = YES;
				CLANG_WARN_OBJC_IMPLICIT_RETAIN_SELF = YES;
				CLANG_WARN_OBJC_LITERAL_CONVERSION = YES;
				CLANG_WARN_OBJC_ROOT_CLASS = YES_ERROR;
				CLANG_WARN_QUOTED_INCLUDE_IN_FRAMEWORK_HEADER = YES;
				CLANG_WARN_RANGE_LOOP_ANALYSIS = YES;
				CLANG_WARN_STRICT_PROTOTYPES = YES;
				CLANG_WARN_SUSPICIOUS_MOVE = YES;
				CLANG_WARN_UNGUARDED_AVAILABILITY = YES_AGGRESSIVE;
				CLANG_WARN_UNREACHABLE_CODE = YES;
				CLANG_WARN__DUPLICATE_METHOD_MATCH = YES;
				COPY_PHASE_STRIP = NO;
				DEBUG_INFORMATION_FORMAT = dwarf;
				ENABLE_STRICT_OBJC_MSGSEND = YES;
				ENABLE_TESTABILITY = YES;
				GCC_C_LANGUAGE_STANDARD = gnu11;
				GCC_DYNAMIC_NO_PIC = NO;
				GCC_NO_COMMON_BLOCKS = YES;
				GCC_OPTIMIZATION_LEVEL = 0;
				GCC_PREPROCESSOR_DEFINITIONS = (
					"DEBUG=1",
					"$(inherited)",
				);
				GCC_WARN_64_TO_32_BIT_CONVERSION = YES;
				GCC_WARN_ABOUT_RETURN_TYPE = YES_ERROR;
				GCC_WARN_UNDECLARED_SELECTOR = YES;
				GCC_WARN_UNINITIALIZED_AUTOS = YES_AGGRESSIVE;
				GCC_WARN_UNUSED_FUNCTION = YES;
				GCC_WARN_UNUSED_VARIABLE = YES;
				IPHONEOS_DEPLOYMENT_TARGET = 16.0;
				MTL_ENABLE_DEBUG_INFO = INCLUDE_SOURCE;
				MTL_FAST_MATH = YES;
				ONLY_ACTIVE_ARCH = YES;
				SDKROOT = iphoneos;
				SWIFT_ACTIVE_COMPILATION_CONDITIONS = DEBUG;
				SWIFT_OPTIMIZATION_LEVEL = "-Onone";
			};
			name = Debug;
		};
		12A25ED42938692B001ECFEE /* Release */ = {
			isa = XCBuildConfiguration;
			buildSettings = {
				ALWAYS_SEARCH_USER_PATHS = NO;
				CLANG_ANALYZER_NONNULL = YES;
				CLANG_ANALYZER_NUMBER_OBJECT_CONVERSION = YES_AGGRESSIVE;
				CLANG_CXX_LANGUAGE_STANDARD = "gnu++20";
				CLANG_ENABLE_MODULES = YES;
				CLANG_ENABLE_OBJC_ARC = YES;
				CLANG_ENABLE_OBJC_WEAK = YES;
				CLANG_WARN_BLOCK_CAPTURE_AUTORELEASING = YES;
				CLANG_WARN_BOOL_CONVERSION = YES;
				CLANG_WARN_COMMA = YES;
				CLANG_WARN_CONSTANT_CONVERSION = YES;
				CLANG_WARN_DEPRECATED_OBJC_IMPLEMENTATIONS = YES;
				CLANG_WARN_DIRECT_OBJC_ISA_USAGE = YES_ERROR;
				CLANG_WARN_DOCUMENTATION_COMMENTS = YES;
				CLANG_WARN_EMPTY_BODY = YES;
				CLANG_WARN_ENUM_CONVERSION = YES;
				CLANG_WARN_INFINITE_RECURSION = YES;
				CLANG_WARN_INT_CONVERSION = YES;
				CLANG_WARN_NON_LITERAL_NULL_CONVERSION = YES;
				CLANG_WARN_OBJC_IMPLICIT_RETAIN_SELF = YES;
				CLANG_WARN_OBJC_LITERAL_CONVERSION = YES;
				CLANG_WARN_OBJC_ROOT_CLASS = YES_ERROR;
				CLANG_WARN_QUOTED_INCLUDE_IN_FRAMEWORK_HEADER = YES;
				CLANG_WARN_RANGE_LOOP_ANALYSIS = YES;
				CLANG_WARN_STRICT_PROTOTYPES = YES;
				CLANG_WARN_SUSPICIOUS_MOVE = YES;
				CLANG_WARN_UNGUARDED_AVAILABILITY = YES_AGGRESSIVE;
				CLANG_WARN_UNREACHABLE_CODE = YES;
				CLANG_WARN__DUPLICATE_METHOD_MATCH = YES;
				COPY_PHASE_STRIP = NO;
				DEBUG_INFORMATION_FORMAT = "dwarf-with-dsym";
				ENABLE_NS_ASSERTIONS = NO;
				ENABLE_STRICT_OBJC_MSGSEND = YES;
				GCC_C_LANGUAGE_STANDARD = gnu11;
				GCC_NO_COMMON_BLOCKS = YES;
				GCC_WARN_64_TO_32_BIT_CONVERSION = YES;
				GCC_WARN_ABOUT_RETURN_TYPE = YES_ERROR;
				GCC_WARN_UNDECLARED_SELECTOR = YES;
				GCC_WARN_UNINITIALIZED_AUTOS = YES_AGGRESSIVE;
				GCC_WARN_UNUSED_FUNCTION = YES;
				GCC_WARN_UNUSED_VARIABLE = YES;
				IPHONEOS_DEPLOYMENT_TARGET = 16.0;
				MTL_ENABLE_DEBUG_INFO = NO;
				MTL_FAST_MATH = YES;
				SDKROOT = iphoneos;
				SWIFT_COMPILATION_MODE = wholemodule;
				SWIFT_OPTIMIZATION_LEVEL = "-O";
				VALIDATE_PRODUCT = YES;
			};
			name = Release;
		};
		12A25ED62938692B001ECFEE /* Debug */ = {
			isa = XCBuildConfiguration;
			buildSettings = {
				ASSETCATALOG_COMPILER_APPICON_NAME = AppIcon;
				ASSETCATALOG_COMPILER_GLOBAL_ACCENT_COLOR_NAME = AccentColor;
				CODE_SIGN_STYLE = Automatic;
				CURRENT_PROJECT_VERSION = 1;
				GENERATE_INFOPLIST_FILE = YES;
				INFOPLIST_FILE = CompositionalLayoutDemoApp/Info.plist;
				INFOPLIST_KEY_UIApplicationSupportsIndirectInputEvents = YES;
				INFOPLIST_KEY_UILaunchStoryboardName = LaunchScreen;
				INFOPLIST_KEY_UIMainStoryboardFile = Main;
				INFOPLIST_KEY_UISupportedInterfaceOrientations_iPad = "UIInterfaceOrientationPortrait UIInterfaceOrientationPortraitUpsideDown UIInterfaceOrientationLandscapeLeft UIInterfaceOrientationLandscapeRight";
				INFOPLIST_KEY_UISupportedInterfaceOrientations_iPhone = "UIInterfaceOrientationPortrait UIInterfaceOrientationLandscapeLeft UIInterfaceOrientationLandscapeRight";
				LD_RUNPATH_SEARCH_PATHS = (
					"$(inherited)",
					"@executable_path/Frameworks",
				);
				MARKETING_VERSION = 1.0;
				PRODUCT_BUNDLE_IDENTIFIER = com.daesy.CompositionalLayoutDemoApp;
				PRODUCT_NAME = "$(TARGET_NAME)";
				SWIFT_EMIT_LOC_STRINGS = YES;
				SWIFT_VERSION = 5.0;
				TARGETED_DEVICE_FAMILY = "1,2";
			};
			name = Debug;
		};
		12A25ED72938692B001ECFEE /* Release */ = {
			isa = XCBuildConfiguration;
			buildSettings = {
				ASSETCATALOG_COMPILER_APPICON_NAME = AppIcon;
				ASSETCATALOG_COMPILER_GLOBAL_ACCENT_COLOR_NAME = AccentColor;
				CODE_SIGN_STYLE = Automatic;
				CURRENT_PROJECT_VERSION = 1;
				GENERATE_INFOPLIST_FILE = YES;
				INFOPLIST_FILE = CompositionalLayoutDemoApp/Info.plist;
				INFOPLIST_KEY_UIApplicationSupportsIndirectInputEvents = YES;
				INFOPLIST_KEY_UILaunchStoryboardName = LaunchScreen;
				INFOPLIST_KEY_UIMainStoryboardFile = Main;
				INFOPLIST_KEY_UISupportedInterfaceOrientations_iPad = "UIInterfaceOrientationPortrait UIInterfaceOrientationPortraitUpsideDown UIInterfaceOrientationLandscapeLeft UIInterfaceOrientationLandscapeRight";
				INFOPLIST_KEY_UISupportedInterfaceOrientations_iPhone = "UIInterfaceOrientationPortrait UIInterfaceOrientationLandscapeLeft UIInterfaceOrientationLandscapeRight";
				LD_RUNPATH_SEARCH_PATHS = (
					"$(inherited)",
					"@executable_path/Frameworks",
				);
				MARKETING_VERSION = 1.0;
				PRODUCT_BUNDLE_IDENTIFIER = com.daesy.CompositionalLayoutDemoApp;
				PRODUCT_NAME = "$(TARGET_NAME)";
				SWIFT_EMIT_LOC_STRINGS = YES;
				SWIFT_VERSION = 5.0;
				TARGETED_DEVICE_FAMILY = "1,2";
			};
			name = Release;
		};
/* End XCBuildConfiguration section */

/* Begin XCConfigurationList section */
		12A25EBC29386929001ECFEE /* Build configuration list for PBXProject "CompositionalLayoutDemoApp" */ = {
			isa = XCConfigurationList;
			buildConfigurations = (
				12A25ED32938692B001ECFEE /* Debug */,
				12A25ED42938692B001ECFEE /* Release */,
			);
			defaultConfigurationIsVisible = 0;
			defaultConfigurationName = Release;
		};
		12A25ED52938692B001ECFEE /* Build configuration list for PBXNativeTarget "CompositionalLayoutDemoApp" */ = {
			isa = XCConfigurationList;
			buildConfigurations = (
				12A25ED62938692B001ECFEE /* Debug */,
				12A25ED72938692B001ECFEE /* Release */,
			);
			defaultConfigurationIsVisible = 0;
			defaultConfigurationName = Release;
		};
/* End XCConfigurationList section */
	};
	rootObject = 12A25EB929386929001ECFEE /* Project object */;
}
