// !$*UTF8*$!
{
	archiveVersion = 1;
	classes = {
	};
	objectVersion = 56;
	objects = {

/* Begin PBXBuildFile section */
		1211D92C2940E40000CA9883 /* RegisterableView.swift in Sources */ = {isa = PBXBuildFile; fileRef = 1211D9292940E40000CA9883 /* RegisterableView.swift */; };
		1211D92D2940E40000CA9883 /* UICollectionView+Extension.swift in Sources */ = {isa = PBXBuildFile; fileRef = 1211D92A2940E40000CA9883 /* UICollectionView+Extension.swift */; };
		1211D92E2940E40000CA9883 /* UIView+IBInspectable.swift in Sources */ = {isa = PBXBuildFile; fileRef = 1211D92B2940E40000CA9883 /* UIView+IBInspectable.swift */; };
		1211D9302940E78200CA9883 /* LayoutSection.swift in Sources */ = {isa = PBXBuildFile; fileRef = 1211D92F2940E78200CA9883 /* LayoutSection.swift */; };
		1211D9332940F4E500CA9883 /* ProductDetail.storyboard in Resources */ = {isa = PBXBuildFile; fileRef = 1211D9312940F4E500CA9883 /* ProductDetail.storyboard */; };
		1225C51A29464A9D007C1927 /* UIView+Border.swift in Sources */ = {isa = PBXBuildFile; fileRef = 1225C51929464A9D007C1927 /* UIView+Border.swift */; };
		122CE9F5294557C200CD24FE /* DetailsCell.swift in Sources */ = {isa = PBXBuildFile; fileRef = 122CE9F3294557C200CD24FE /* DetailsCell.swift */; };
		122CE9F6294557C200CD24FE /* DetailsCell.xib in Resources */ = {isa = PBXBuildFile; fileRef = 122CE9F4294557C200CD24FE /* DetailsCell.xib */; };
		122CE9F9294557FC00CD24FE /* VariantCell.swift in Sources */ = {isa = PBXBuildFile; fileRef = 122CE9F7294557FC00CD24FE /* VariantCell.swift */; };
		122CE9FA294557FC00CD24FE /* VariantCell.xib in Resources */ = {isa = PBXBuildFile; fileRef = 122CE9F8294557FC00CD24FE /* VariantCell.xib */; };
		122CE9FD2945581900CD24FE /* SpecificationsCell.swift in Sources */ = {isa = PBXBuildFile; fileRef = 122CE9FB2945581900CD24FE /* SpecificationsCell.swift */; };
		122CE9FE2945581900CD24FE /* SpecificationsCell.xib in Resources */ = {isa = PBXBuildFile; fileRef = 122CE9FC2945581900CD24FE /* SpecificationsCell.xib */; };
		122CEA012945582F00CD24FE /* CartCell.swift in Sources */ = {isa = PBXBuildFile; fileRef = 122CE9FF2945582F00CD24FE /* CartCell.swift */; };
		122CEA022945582F00CD24FE /* CartCell.xib in Resources */ = {isa = PBXBuildFile; fileRef = 122CEA002945582F00CD24FE /* CartCell.xib */; };
		126A2BC929391183003149D5 /* Theme.xcassets in Resources */ = {isa = PBXBuildFile; fileRef = 126A2BC829391183003149D5 /* Theme.xcassets */; };
		126A2BCB293917B1003149D5 /* ProductDetailViewController.swift in Sources */ = {isa = PBXBuildFile; fileRef = 126A2BCA293917B1003149D5 /* ProductDetailViewController.swift */; };
		126A2BD229391DB5003149D5 /* SearchBarCell.swift in Sources */ = {isa = PBXBuildFile; fileRef = 126A2BD029391DB5003149D5 /* SearchBarCell.swift */; };
		126A2BD329391DB5003149D5 /* SearchBarCell.xib in Resources */ = {isa = PBXBuildFile; fileRef = 126A2BD129391DB5003149D5 /* SearchBarCell.xib */; };
		126A2BD629391E53003149D5 /* HeaderCell.swift in Sources */ = {isa = PBXBuildFile; fileRef = 126A2BD429391E53003149D5 /* HeaderCell.swift */; };
		126A2BD729391E53003149D5 /* HeaderCell.xib in Resources */ = {isa = PBXBuildFile; fileRef = 126A2BD529391E53003149D5 /* HeaderCell.xib */; };
		126A2BDA29391E7A003149D5 /* DealsCell.swift in Sources */ = {isa = PBXBuildFile; fileRef = 126A2BD829391E7A003149D5 /* DealsCell.swift */; };
		126A2BDB29391E7A003149D5 /* DealsCell.xib in Resources */ = {isa = PBXBuildFile; fileRef = 126A2BD929391E7A003149D5 /* DealsCell.xib */; };
		126A2BDE29391EB5003149D5 /* CategoriesCell.swift in Sources */ = {isa = PBXBuildFile; fileRef = 126A2BDC29391EB5003149D5 /* CategoriesCell.swift */; };
		126A2BDF29391EB5003149D5 /* CategoriesCell.xib in Resources */ = {isa = PBXBuildFile; fileRef = 126A2BDD29391EB5003149D5 /* CategoriesCell.xib */; };
		126A2BE229391F65003149D5 /* FeaturedCell.swift in Sources */ = {isa = PBXBuildFile; fileRef = 126A2BE029391F65003149D5 /* FeaturedCell.swift */; };
		126A2BE329391F65003149D5 /* FeaturedCell.xib in Resources */ = {isa = PBXBuildFile; fileRef = 126A2BE129391F65003149D5 /* FeaturedCell.xib */; };
		12A25EC529386929001ECFEE /* AppDelegate.swift in Sources */ = {isa = PBXBuildFile; fileRef = 12A25EC429386929001ECFEE /* AppDelegate.swift */; };
		12A25EC729386929001ECFEE /* SceneDelegate.swift in Sources */ = {isa = PBXBuildFile; fileRef = 12A25EC629386929001ECFEE /* SceneDelegate.swift */; };
		12A25EC929386929001ECFEE /* HomeViewController.swift in Sources */ = {isa = PBXBuildFile; fileRef = 12A25EC829386929001ECFEE /* HomeViewController.swift */; };
		12A25ECC29386929001ECFEE /* Main.storyboard in Resources */ = {isa = PBXBuildFile; fileRef = 12A25ECA29386929001ECFEE /* Main.storyboard */; };
		12A25ECE2938692B001ECFEE /* Assets.xcassets in Resources */ = {isa = PBXBuildFile; fileRef = 12A25ECD2938692B001ECFEE /* Assets.xcassets */; };
		12A25ED12938692B001ECFEE /* LaunchScreen.storyboard in Resources */ = {isa = PBXBuildFile; fileRef = 12A25ECF2938692B001ECFEE /* LaunchScreen.storyboard */; };
		12A25EDE29386BA3001ECFEE /* Item.swift in Sources */ = {isa = PBXBuildFile; fileRef = 12A25EDD29386BA3001ECFEE /* Item.swift */; };
		12A25EE0293901AA001ECFEE /* Section.swift in Sources */ = {isa = PBXBuildFile; fileRef = 12A25EDF293901AA001ECFEE /* Section.swift */; };
		12BCDA70293EADEA00E4540B /* ImageHeaderCell.swift in Sources */ = {isa = PBXBuildFile; fileRef = 12BCDA6E293EADEA00E4540B /* ImageHeaderCell.swift */; };
		12BCDA71293EADEA00E4540B /* ImageHeaderCell.xib in Resources */ = {isa = PBXBuildFile; fileRef = 12BCDA6F293EADEA00E4540B /* ImageHeaderCell.xib */; };
/* End PBXBuildFile section */

/* Begin PBXFileReference section */
		1211D9292940E40000CA9883 /* RegisterableView.swift */ = {isa = PBXFileReference; fileEncoding = 4; lastKnownFileType = sourcecode.swift; name = RegisterableView.swift; path = ../../../../../../Downloads/Utilities/RegisterableView.swift; sourceTree = "<group>"; };
		1211D92A2940E40000CA9883 /* UICollectionView+Extension.swift */ = {isa = PBXFileReference; fileEncoding = 4; lastKnownFileType = sourcecode.swift; name = "UICollectionView+Extension.swift"; path = "../../../../../../Downloads/Utilities/UICollectionView+Extension.swift"; sourceTree = "<group>"; };
		1211D92B2940E40000CA9883 /* UIView+IBInspectable.swift */ = {isa = PBXFileReference; fileEncoding = 4; lastKnownFileType = sourcecode.swift; name = "UIView+IBInspectable.swift"; path = "../../../../../../Downloads/Utilities/UIView+IBInspectable.swift"; sourceTree = "<group>"; };
		1211D92F2940E78200CA9883 /* LayoutSection.swift */ = {isa = PBXFileReference; lastKnownFileType = sourcecode.swift; path = LayoutSection.swift; sourceTree = "<group>"; };
		1211D9322940F4E500CA9883 /* Base */ = {isa = PBXFileReference; lastKnownFileType = file.storyboard; name = Base; path = CompositionalLayoutDemoApp/Views/Base.lproj/ProductDetail.storyboard; sourceTree = "<group>"; };
		1225C51929464A9D007C1927 /* UIView+Border.swift */ = {isa = PBXFileReference; lastKnownFileType = sourcecode.swift; path = "UIView+Border.swift"; sourceTree = "<group>"; };
		122CE9F3294557C200CD24FE /* DetailsCell.swift */ = {isa = PBXFileReference; lastKnownFileType = sourcecode.swift; path = DetailsCell.swift; sourceTree = "<group>"; };
		122CE9F4294557C200CD24FE /* DetailsCell.xib */ = {isa = PBXFileReference; lastKnownFileType = file.xib; path = DetailsCell.xib; sourceTree = "<group>"; };
		122CE9F7294557FC00CD24FE /* VariantCell.swift */ = {isa = PBXFileReference; lastKnownFileType = sourcecode.swift; path = VariantCell.swift; sourceTree = "<group>"; };
		122CE9F8294557FC00CD24FE /* VariantCell.xib */ = {isa = PBXFileReference; lastKnownFileType = file.xib; path = VariantCell.xib; sourceTree = "<group>"; };
		122CE9FB2945581900CD24FE /* SpecificationsCell.swift */ = {isa = PBXFileReference; lastKnownFileType = sourcecode.swift; path = SpecificationsCell.swift; sourceTree = "<group>"; };
		122CE9FC2945581900CD24FE /* SpecificationsCell.xib */ = {isa = PBXFileReference; lastKnownFileType = file.xib; path = SpecificationsCell.xib; sourceTree = "<group>"; };
		122CE9FF2945582F00CD24FE /* CartCell.swift */ = {isa = PBXFileReference; lastKnownFileType = sourcecode.swift; path = CartCell.swift; sourceTree = "<group>"; };
		122CEA002945582F00CD24FE /* CartCell.xib */ = {isa = PBXFileReference; lastKnownFileType = file.xib; path = CartCell.xib; sourceTree = "<group>"; };
		126A2BC829391183003149D5 /* Theme.xcassets */ = {isa = PBXFileReference; lastKnownFileType = folder.assetcatalog; path = Theme.xcassets; sourceTree = "<group>"; };
		126A2BCA293917B1003149D5 /* ProductDetailViewController.swift */ = {isa = PBXFileReference; lastKnownFileType = sourcecode.swift; path = ProductDetailViewController.swift; sourceTree = "<group>"; };
		126A2BD029391DB5003149D5 /* SearchBarCell.swift */ = {isa = PBXFileReference; lastKnownFileType = sourcecode.swift; path = SearchBarCell.swift; sourceTree = "<group>"; };
		126A2BD129391DB5003149D5 /* SearchBarCell.xib */ = {isa = PBXFileReference; lastKnownFileType = file.xib; path = SearchBarCell.xib; sourceTree = "<group>"; };
		126A2BD429391E53003149D5 /* HeaderCell.swift */ = {isa = PBXFileReference; lastKnownFileType = sourcecode.swift; path = HeaderCell.swift; sourceTree = "<group>"; };
		126A2BD529391E53003149D5 /* HeaderCell.xib */ = {isa = PBXFileReference; lastKnownFileType = file.xib; path = HeaderCell.xib; sourceTree = "<group>"; };
		126A2BD829391E7A003149D5 /* DealsCell.swift */ = {isa = PBXFileReference; lastKnownFileType = sourcecode.swift; path = DealsCell.swift; sourceTree = "<group>"; };
		126A2BD929391E7A003149D5 /* DealsCell.xib */ = {isa = PBXFileReference; lastKnownFileType = file.xib; path = DealsCell.xib; sourceTree = "<group>"; };
		126A2BDC29391EB5003149D5 /* CategoriesCell.swift */ = {isa = PBXFileReference; lastKnownFileType = sourcecode.swift; path = CategoriesCell.swift; sourceTree = "<group>"; };
		126A2BDD29391EB5003149D5 /* CategoriesCell.xib */ = {isa = PBXFileReference; lastKnownFileType = file.xib; path = CategoriesCell.xib; sourceTree = "<group>"; };
		126A2BE029391F65003149D5 /* FeaturedCell.swift */ = {isa = PBXFileReference; lastKnownFileType = sourcecode.swift; path = FeaturedCell.swift; sourceTree = "<group>"; };
		126A2BE129391F65003149D5 /* FeaturedCell.xib */ = {isa = PBXFileReference; lastKnownFileType = file.xib; path = FeaturedCell.xib; sourceTree = "<group>"; };
		12A25EC129386929001ECFEE /* CompositionalLayoutDemoApp.app */ = {isa = PBXFileReference; explicitFileType = wrapper.application; includeInIndex = 0; path = CompositionalLayoutDemoApp.app; sourceTree = BUILT_PRODUCTS_DIR; };
		12A25EC429386929001ECFEE /* AppDelegate.swift */ = {isa = PBXFileReference; lastKnownFileType = sourcecode.swift; path = AppDelegate.swift; sourceTree = "<group>"; };
		12A25EC629386929001ECFEE /* SceneDelegate.swift */ = {isa = PBXFileReference; lastKnownFileType = sourcecode.swift; path = SceneDelegate.swift; sourceTree = "<group>"; };
		12A25EC829386929001ECFEE /* HomeViewController.swift */ = {isa = PBXFileReference; lastKnownFileType = sourcecode.swift; path = HomeViewController.swift; sourceTree = "<group>"; };
		12A25ECB29386929001ECFEE /* Base */ = {isa = PBXFileReference; lastKnownFileType = file.storyboard; name = Base; path = Base.lproj/Main.storyboard; sourceTree = "<group>"; };
		12A25ECD2938692B001ECFEE /* Assets.xcassets */ = {isa = PBXFileReference; lastKnownFileType = folder.assetcatalog; path = Assets.xcassets; sourceTree = "<group>"; };
		12A25ED02938692B001ECFEE /* Base */ = {isa = PBXFileReference; lastKnownFileType = file.storyboard; name = Base; path = Base.lproj/LaunchScreen.storyboard; sourceTree = "<group>"; };
		12A25ED22938692B001ECFEE /* Info.plist */ = {isa = PBXFileReference; lastKnownFileType = text.plist.xml; path = Info.plist; sourceTree = "<group>"; };
		12A25EDD29386BA3001ECFEE /* Item.swift */ = {isa = PBXFileReference; lastKnownFileType = sourcecode.swift; path = Item.swift; sourceTree = "<group>"; };
		12A25EDF293901AA001ECFEE /* Section.swift */ = {isa = PBXFileReference; lastKnownFileType = sourcecode.swift; path = Section.swift; sourceTree = "<group>"; };
		12BCDA6E293EADEA00E4540B /* ImageHeaderCell.swift */ = {isa = PBXFileReference; lastKnownFileType = sourcecode.swift; path = ImageHeaderCell.swift; sourceTree = "<group>"; };
		12BCDA6F293EADEA00E4540B /* ImageHeaderCell.xib */ = {isa = PBXFileReference; lastKnownFileType = file.xib; path = ImageHeaderCell.xib; sourceTree = "<group>"; };
/* End PBXFileReference section */

/* Begin PBXFrameworksBuildPhase section */
		12A25EBE29386929001ECFEE /* Frameworks */ = {
			isa = PBXFrameworksBuildPhase;
			buildActionMask = 2147483647;
			files = (
			);
			runOnlyForDeploymentPostprocessing = 0;
		};
/* End PBXFrameworksBuildPhase section */

/* Begin PBXGroup section */
		126A2BBE29390FBA003149D5 /* SearchBar */ = {
			isa = PBXGroup;
			children = (
				126A2BD029391DB5003149D5 /* SearchBarCell.swift */,
				126A2BD129391DB5003149D5 /* SearchBarCell.xib */,
			);
			path = SearchBar;
			sourceTree = "<group>";
		};
		126A2BBF29390FCB003149D5 /* Header */ = {
			isa = PBXGroup;
			children = (
				126A2BD429391E53003149D5 /* HeaderCell.swift */,
				126A2BD529391E53003149D5 /* HeaderCell.xib */,
			);
			path = Header;
			sourceTree = "<group>";
		};
		126A2BC029390FD5003149D5 /* Deals */ = {
			isa = PBXGroup;
			children = (
				126A2BD829391E7A003149D5 /* DealsCell.swift */,
				126A2BD929391E7A003149D5 /* DealsCell.xib */,
			);
			path = Deals;
			sourceTree = "<group>";
		};
		126A2BC129390FF0003149D5 /* Categories */ = {
			isa = PBXGroup;
			children = (
				126A2BDC29391EB5003149D5 /* CategoriesCell.swift */,
				126A2BDD29391EB5003149D5 /* CategoriesCell.xib */,
			);
			path = Categories;
			sourceTree = "<group>";
		};
		126A2BC229390FFA003149D5 /* Featured */ = {
			isa = PBXGroup;
			children = (
				126A2BE029391F65003149D5 /* FeaturedCell.swift */,
				126A2BE129391F65003149D5 /* FeaturedCell.xib */,
			);
			path = Featured;
			sourceTree = "<group>";
		};
		126A2BC329391016003149D5 /* Cart */ = {
			isa = PBXGroup;
			children = (
				122CE9FF2945582F00CD24FE /* CartCell.swift */,
				122CEA002945582F00CD24FE /* CartCell.xib */,
			);
			path = Cart;
			sourceTree = "<group>";
		};
		126A2BC429391020003149D5 /* Specifications */ = {
			isa = PBXGroup;
			children = (
				122CE9FB2945581900CD24FE /* SpecificationsCell.swift */,
				122CE9FC2945581900CD24FE /* SpecificationsCell.xib */,
			);
			path = Specifications;
			sourceTree = "<group>";
		};
		126A2BC529391027003149D5 /* Variant */ = {
			isa = PBXGroup;
			children = (
				122CE9F7294557FC00CD24FE /* VariantCell.swift */,
				122CE9F8294557FC00CD24FE /* VariantCell.xib */,
			);
			path = Variant;
			sourceTree = "<group>";
		};
		126A2BC62939102D003149D5 /* Details */ = {
			isa = PBXGroup;
			children = (
				122CE9F3294557C200CD24FE /* DetailsCell.swift */,
				122CE9F4294557C200CD24FE /* DetailsCell.xib */,
			);
			path = Details;
			sourceTree = "<group>";
		};
		126A2BC729391037003149D5 /* ImageHeader */ = {
			isa = PBXGroup;
			children = (
				12BCDA6E293EADEA00E4540B /* ImageHeaderCell.swift */,
				12BCDA6F293EADEA00E4540B /* ImageHeaderCell.xib */,
			);
			path = ImageHeader;
			sourceTree = "<group>";
		};
		12A25EB829386929001ECFEE = {
			isa = PBXGroup;
			children = (
				12A25EC329386929001ECFEE /* CompositionalLayoutDemoApp */,
				12A25EC229386929001ECFEE /* Products */,
			);
			sourceTree = "<group>";
		};
		12A25EC229386929001ECFEE /* Products */ = {
			isa = PBXGroup;
			children = (
				12A25EC129386929001ECFEE /* CompositionalLayoutDemoApp.app */,
			);
			name = Products;
			sourceTree = "<group>";
		};
		12A25EC329386929001ECFEE /* CompositionalLayoutDemoApp */ = {
			isa = PBXGroup;
			children = (
				12A25ED8293869A2001ECFEE /* App */,
				12A25ED9293869B1001ECFEE /* Utilities */,
				12A25EDC29386A62001ECFEE /* Models */,
				12A25EDA29386A11001ECFEE /* Views */,
				12A25EDB29386A40001ECFEE /* Controllers */,
				12A25ED22938692B001ECFEE /* Info.plist */,
			);
			path = CompositionalLayoutDemoApp;
			sourceTree = "<group>";
		};
		12A25ED8293869A2001ECFEE /* App */ = {
			isa = PBXGroup;
			children = (
				12A25EC429386929001ECFEE /* AppDelegate.swift */,
				12A25EC629386929001ECFEE /* SceneDelegate.swift */,
			);
			path = App;
			sourceTree = "<group>";
		};
		12A25ED9293869B1001ECFEE /* Utilities */ = {
			isa = PBXGroup;
			children = (
				1211D9292940E40000CA9883 /* RegisterableView.swift */,
				1211D92A2940E40000CA9883 /* UICollectionView+Extension.swift */,
				1211D92B2940E40000CA9883 /* UIView+IBInspectable.swift */,
				1225C51929464A9D007C1927 /* UIView+Border.swift */,
				1211D92F2940E78200CA9883 /* LayoutSection.swift */,
				12A25ECD2938692B001ECFEE /* Assets.xcassets */,
				126A2BC829391183003149D5 /* Theme.xcassets */,
			);
			path = Utilities;
			sourceTree = "<group>";
		};
		12A25EDA29386A11001ECFEE /* Views */ = {
			isa = PBXGroup;
			children = (
				12A25EE329390856001ECFEE /* SupportingViews */,
				12A25EE1293906DF001ECFEE /* Home */,
				12A25EE2293906E6001ECFEE /* ProductDetails */,
				12A25ECF2938692B001ECFEE /* LaunchScreen.storyboard */,
				12A25ECA29386929001ECFEE /* Main.storyboard */,
				1211D9312940F4E500CA9883 /* ProductDetail.storyboard */,
			);
			path = Views;
			sourceTree = "<group>";
		};
		12A25EDB29386A40001ECFEE /* Controllers */ = {
			isa = PBXGroup;
			children = (
				12A25EC829386929001ECFEE /* HomeViewController.swift */,
				126A2BCA293917B1003149D5 /* ProductDetailViewController.swift */,
			);
			path = Controllers;
			sourceTree = "<group>";
		};
		12A25EDC29386A62001ECFEE /* Models */ = {
			isa = PBXGroup;
			children = (
				12A25EDD29386BA3001ECFEE /* Item.swift */,
				12A25EDF293901AA001ECFEE /* Section.swift */,
			);
			path = Models;
			sourceTree = "<group>";
		};
		12A25EE1293906DF001ECFEE /* Home */ = {
			isa = PBXGroup;
			children = (
				126A2BBF29390FCB003149D5 /* Header */,
				126A2BC029390FD5003149D5 /* Deals */,
				126A2BC129390FF0003149D5 /* Categories */,
				126A2BC229390FFA003149D5 /* Featured */,
			);
			path = Home;
			sourceTree = "<group>";
		};
		12A25EE2293906E6001ECFEE /* ProductDetails */ = {
			isa = PBXGroup;
			children = (
				126A2BC729391037003149D5 /* ImageHeader */,
				126A2BC62939102D003149D5 /* Details */,
				126A2BC529391027003149D5 /* Variant */,
				126A2BC429391020003149D5 /* Specifications */,
				126A2BC329391016003149D5 /* Cart */,
			);
			path = ProductDetails;
			sourceTree = "<group>";
		};
		12A25EE329390856001ECFEE /* SupportingViews */ = {
			isa = PBXGroup;
			children = (
				126A2BBE29390FBA003149D5 /* SearchBar */,
			);
			path = SupportingViews;
			sourceTree = "<group>";
		};
/* End PBXGroup section */

/* Begin PBXNativeTarget section */
		12A25EC029386929001ECFEE /* CompositionalLayoutDemoApp */ = {
			isa = PBXNativeTarget;
			buildConfigurationList = 12A25ED52938692B001ECFEE /* Build configuration list for PBXNativeTarget "CompositionalLayoutDemoApp" */;
			buildPhases = (
				12A25EBD29386929001ECFEE /* Sources */,
				12A25EBE29386929001ECFEE /* Frameworks */,
				12A25EBF29386929001ECFEE /* Resources */,
			);
			buildRules = (
			);
			dependencies = (
			);
			name = CompositionalLayoutDemoApp;
			productName = CompositionalLayoutDemoApp;
			productReference = 12A25EC129386929001ECFEE /* CompositionalLayoutDemoApp.app */;
			productType = "com.apple.product-type.application";
		};
/* End PBXNativeTarget section */

/* Begin PBXProject section */
		12A25EB929386929001ECFEE /* Project object */ = {
			isa = PBXProject;
			attributes = {
				BuildIndependentTargetsInParallel = 1;
				LastSwiftUpdateCheck = 1400;
				LastUpgradeCheck = 1400;
				TargetAttributes = {
					12A25EC029386929001ECFEE = {
						CreatedOnToolsVersion = 14.0.1;
					};
				};
			};
			buildConfigurationList = 12A25EBC29386929001ECFEE /* Build configuration list for PBXProject "CompositionalLayoutDemoApp" */;
			compatibilityVersion = "Xcode 14.0";
			developmentRegion = en;
			hasScannedForEncodings = 0;
			knownRegions = (
				en,
				Base,
			);
			mainGroup = 12A25EB829386929001ECFEE;
			productRefGroup = 12A25EC229386929001ECFEE /* Products */;
			projectDirPath = "";
			projectRoot = "";
			targets = (
				12A25EC029386929001ECFEE /* CompositionalLayoutDemoApp */,
			);
		};
/* End PBXProject section */

/* Begin PBXResourcesBuildPhase section */
		12A25EBF29386929001ECFEE /* Resources */ = {
			isa = PBXResourcesBuildPhase;
			buildActionMask = 2147483647;
			files = (
				12BCDA71293EADEA00E4540B /* ImageHeaderCell.xib in Resources */,
				122CE9FE2945581900CD24FE /* SpecificationsCell.xib in Resources */,
				12A25ED12938692B001ECFEE /* LaunchScreen.storyboard in Resources */,
				126A2BDF29391EB5003149D5 /* CategoriesCell.xib in Resources */,
				126A2BC929391183003149D5 /* Theme.xcassets in Resources */,
				12A25ECE2938692B001ECFEE /* Assets.xcassets in Resources */,
				122CEA022945582F00CD24FE /* CartCell.xib in Resources */,
				126A2BE329391F65003149D5 /* FeaturedCell.xib in Resources */,
				1211D9332940F4E500CA9883 /* ProductDetail.storyboard in Resources */,
				126A2BD329391DB5003149D5 /* SearchBarCell.xib in Resources */,
				126A2BDB29391E7A003149D5 /* DealsCell.xib in Resources */,
				126A2BD729391E53003149D5 /* HeaderCell.xib in Resources */,
				122CE9F6294557C200CD24FE /* DetailsCell.xib in Resources */,
				122CE9FA294557FC00CD24FE /* VariantCell.xib in Resources */,
				12A25ECC29386929001ECFEE /* Main.storyboard in Resources */,
			);
			runOnlyForDeploymentPostprocessing = 0;
		};
/* End PBXResourcesBuildPhase section */

/* Begin PBXSourcesBuildPhase section */
		12A25EBD29386929001ECFEE /* Sources */ = {
			isa = PBXSourcesBuildPhase;
			buildActionMask = 2147483647;
			files = (
				1211D92C2940E40000CA9883 /* RegisterableView.swift in Sources */,
				1211D9302940E78200CA9883 /* LayoutSection.swift in Sources */,
				12BCDA70293EADEA00E4540B /* ImageHeaderCell.swift in Sources */,
				126A2BD229391DB5003149D5 /* SearchBarCell.swift in Sources */,
				122CE9F5294557C200CD24FE /* DetailsCell.swift in Sources */,
				122CE9FD2945581900CD24FE /* SpecificationsCell.swift in Sources */,
				12A25EE0293901AA001ECFEE /* Section.swift in Sources */,
				12A25EDE29386BA3001ECFEE /* Item.swift in Sources */,
				122CE9F9294557FC00CD24FE /* VariantCell.swift in Sources */,
				126A2BDA29391E7A003149D5 /* DealsCell.swift in Sources */,
				12A25EC929386929001ECFEE /* HomeViewController.swift in Sources */,
				1225C51A29464A9D007C1927 /* UIView+Border.swift in Sources */,
				122CEA012945582F00CD24FE /* CartCell.swift in Sources */,
				126A2BDE29391EB5003149D5 /* CategoriesCell.swift in Sources */,
				1211D92D2940E40000CA9883 /* UICollectionView+Extension.swift in Sources */,
				126A2BD629391E53003149D5 /* HeaderCell.swift in Sources */,
				126A2BE229391F65003149D5 /* FeaturedCell.swift in Sources */,
				12A25EC529386929001ECFEE /* AppDelegate.swift in Sources */,
				1211D92E2940E40000CA9883 /* UIView+IBInspectable.swift in Sources */,
				12A25EC729386929001ECFEE /* SceneDelegate.swift in Sources */,
				126A2BCB293917B1003149D5 /* ProductDetailViewController.swift in Sources */,
			);
			runOnlyForDeploymentPostprocessing = 0;
		};
/* End PBXSourcesBuildPhase section */

/* Begin PBXVariantGroup section */
		1211D9312940F4E500CA9883 /* ProductDetail.storyboard */ = {
			isa = PBXVariantGroup;
			children = (
				1211D9322940F4E500CA9883 /* Base */,
			);
			name = ProductDetail.storyboard;
			sourceTree = "<group>";
		};
		12A25ECA29386929001ECFEE /* Main.storyboard */ = {
			isa = PBXVariantGroup;
			children = (
				12A25ECB29386929001ECFEE /* Base */,
			);
			name = Main.storyboard;
			sourceTree = "<group>";
		};
		12A25ECF2938692B001ECFEE /* LaunchScreen.storyboard */ = {
			isa = PBXVariantGroup;
			children = (
				12A25ED02938692B001ECFEE /* Base */,
			);
			name = LaunchScreen.storyboard;
			sourceTree = "<group>";
		};
/* End PBXVariantGroup section */

/* Begin XCBuildConfiguration section */
		12A25ED32938692B001ECFEE /* Debug */ = {
			isa = XCBuildConfiguration;
			buildSettings = {
				ALWAYS_SEARCH_USER_PATHS = NO;
				CLANG_ANALYZER_NONNULL = YES;
				CLANG_ANALYZER_NUMBER_OBJECT_CONVERSION = YES_AGGRESSIVE;
				CLANG_CXX_LANGUAGE_STANDARD = "gnu++20";
				CLANG_ENABLE_MODULES = YES;
				CLANG_ENABLE_OBJC_ARC = YES;
				CLANG_ENABLE_OBJC_WEAK = YES;
				CLANG_WARN_BLOCK_CAPTURE_AUTORELEASING = YES;
				CLANG_WARN_BOOL_CONVERSION = YES;
				CLANG_WARN_COMMA = YES;
				CLANG_WARN_CONSTANT_CONVERSION = YES;
				CLANG_WARN_DEPRECATED_OBJC_IMPLEMENTATIONS = YES;
				CLANG_WARN_DIRECT_OBJC_ISA_USAGE = YES_ERROR;
				CLANG_WARN_DOCUMENTATION_COMMENTS = YES;
				CLANG_WARN_EMPTY_BODY = YES;
				CLANG_WARN_ENUM_CONVERSION = YES;
				CLANG_WARN_INFINITE_RECURSION = YES;
				CLANG_WARN_INT_CONVERSION = YES;
				CLANG_WARN_NON_LITERAL_NULL_CONVERSION = YES;
				CLANG_WARN_OBJC_IMPLICIT_RETAIN_SELF = YES;
				CLANG_WARN_OBJC_LITERAL_CONVERSION = YES;
				CLANG_WARN_OBJC_ROOT_CLASS = YES_ERROR;
				CLANG_WARN_QUOTED_INCLUDE_IN_FRAMEWORK_HEADER = YES;
				CLANG_WARN_RANGE_LOOP_ANALYSIS = YES;
				CLANG_WARN_STRICT_PROTOTYPES = YES;
				CLANG_WARN_SUSPICIOUS_MOVE = YES;
				CLANG_WARN_UNGUARDED_AVAILABILITY = YES_AGGRESSIVE;
				CLANG_WARN_UNREACHABLE_CODE = YES;
				CLANG_WARN__DUPLICATE_METHOD_MATCH = YES;
				COPY_PHASE_STRIP = NO;
				DEBUG_INFORMATION_FORMAT = dwarf;
				ENABLE_STRICT_OBJC_MSGSEND = YES;
				ENABLE_TESTABILITY = YES;
				GCC_C_LANGUAGE_STANDARD = gnu11;
				GCC_DYNAMIC_NO_PIC = NO;
				GCC_NO_COMMON_BLOCKS = YES;
				GCC_OPTIMIZATION_LEVEL = 0;
				GCC_PREPROCESSOR_DEFINITIONS = (
					"DEBUG=1",
					"$(inherited)",
				);
				GCC_WARN_64_TO_32_BIT_CONVERSION = YES;
				GCC_WARN_ABOUT_RETURN_TYPE = YES_ERROR;
				GCC_WARN_UNDECLARED_SELECTOR = YES;
				GCC_WARN_UNINITIALIZED_AUTOS = YES_AGGRESSIVE;
				GCC_WARN_UNUSED_FUNCTION = YES;
				GCC_WARN_UNUSED_VARIABLE = YES;
				IPHONEOS_DEPLOYMENT_TARGET = 16.0;
				MTL_ENABLE_DEBUG_INFO = INCLUDE_SOURCE;
				MTL_FAST_MATH = YES;
				ONLY_ACTIVE_ARCH = YES;
				SDKROOT = iphoneos;
				SWIFT_ACTIVE_COMPILATION_CONDITIONS = DEBUG;
				SWIFT_OPTIMIZATION_LEVEL = "-Onone";
			};
			name = Debug;
		};
		12A25ED42938692B001ECFEE /* Release */ = {
			isa = XCBuildConfiguration;
			buildSettings = {
				ALWAYS_SEARCH_USER_PATHS = NO;
				CLANG_ANALYZER_NONNULL = YES;
				CLANG_ANALYZER_NUMBER_OBJECT_CONVERSION = YES_AGGRESSIVE;
				CLANG_CXX_LANGUAGE_STANDARD = "gnu++20";
				CLANG_ENABLE_MODULES = YES;
				CLANG_ENABLE_OBJC_ARC = YES;
				CLANG_ENABLE_OBJC_WEAK = YES;
				CLANG_WARN_BLOCK_CAPTURE_AUTORELEASING = YES;
				CLANG_WARN_BOOL_CONVERSION = YES;
				CLANG_WARN_COMMA = YES;
				CLANG_WARN_CONSTANT_CONVERSION = YES;
				CLANG_WARN_DEPRECATED_OBJC_IMPLEMENTATIONS = YES;
				CLANG_WARN_DIRECT_OBJC_ISA_USAGE = YES_ERROR;
				CLANG_WARN_DOCUMENTATION_COMMENTS = YES;
				CLANG_WARN_EMPTY_BODY = YES;
				CLANG_WARN_ENUM_CONVERSION = YES;
				CLANG_WARN_INFINITE_RECURSION = YES;
				CLANG_WARN_INT_CONVERSION = YES;
				CLANG_WARN_NON_LITERAL_NULL_CONVERSION = YES;
				CLANG_WARN_OBJC_IMPLICIT_RETAIN_SELF = YES;
				CLANG_WARN_OBJC_LITERAL_CONVERSION = YES;
				CLANG_WARN_OBJC_ROOT_CLASS = YES_ERROR;
				CLANG_WARN_QUOTED_INCLUDE_IN_FRAMEWORK_HEADER = YES;
				CLANG_WARN_RANGE_LOOP_ANALYSIS = YES;
				CLANG_WARN_STRICT_PROTOTYPES = YES;
				CLANG_WARN_SUSPICIOUS_MOVE = YES;
				CLANG_WARN_UNGUARDED_AVAILABILITY = YES_AGGRESSIVE;
				CLANG_WARN_UNREACHABLE_CODE = YES;
				CLANG_WARN__DUPLICATE_METHOD_MATCH = YES;
				COPY_PHASE_STRIP = NO;
				DEBUG_INFORMATION_FORMAT = "dwarf-with-dsym";
				ENABLE_NS_ASSERTIONS = NO;
				ENABLE_STRICT_OBJC_MSGSEND = YES;
				GCC_C_LANGUAGE_STANDARD = gnu11;
				GCC_NO_COMMON_BLOCKS = YES;
				GCC_WARN_64_TO_32_BIT_CONVERSION = YES;
				GCC_WARN_ABOUT_RETURN_TYPE = YES_ERROR;
				GCC_WARN_UNDECLARED_SELECTOR = YES;
				GCC_WARN_UNINITIALIZED_AUTOS = YES_AGGRESSIVE;
				GCC_WARN_UNUSED_FUNCTION = YES;
				GCC_WARN_UNUSED_VARIABLE = YES;
				IPHONEOS_DEPLOYMENT_TARGET = 16.0;
				MTL_ENABLE_DEBUG_INFO = NO;
				MTL_FAST_MATH = YES;
				SDKROOT = iphoneos;
				SWIFT_COMPILATION_MODE = wholemodule;
				SWIFT_OPTIMIZATION_LEVEL = "-O";
				VALIDATE_PRODUCT = YES;
			};
			name = Release;
		};
		12A25ED62938692B001ECFEE /* Debug */ = {
			isa = XCBuildConfiguration;
			buildSettings = {
				ASSETCATALOG_COMPILER_APPICON_NAME = AppIcon;
				ASSETCATALOG_COMPILER_GLOBAL_ACCENT_COLOR_NAME = AccentColor;
				CODE_SIGN_STYLE = Automatic;
				CURRENT_PROJECT_VERSION = 1;
				GENERATE_INFOPLIST_FILE = YES;
				INFOPLIST_FILE = CompositionalLayoutDemoApp/Info.plist;
				INFOPLIST_KEY_UIApplicationSupportsIndirectInputEvents = YES;
				INFOPLIST_KEY_UILaunchStoryboardName = LaunchScreen;
				INFOPLIST_KEY_UIMainStoryboardFile = Main;
				INFOPLIST_KEY_UISupportedInterfaceOrientations_iPad = "UIInterfaceOrientationPortrait UIInterfaceOrientationPortraitUpsideDown UIInterfaceOrientationLandscapeLeft UIInterfaceOrientationLandscapeRight";
				INFOPLIST_KEY_UISupportedInterfaceOrientations_iPhone = "UIInterfaceOrientationPortrait UIInterfaceOrientationLandscapeLeft UIInterfaceOrientationLandscapeRight";
				LD_RUNPATH_SEARCH_PATHS = (
					"$(inherited)",
					"@executable_path/Frameworks",
				);
				MARKETING_VERSION = 1.0;
				PRODUCT_BUNDLE_IDENTIFIER = com.daesy.CompositionalLayoutDemoApp;
				PRODUCT_NAME = "$(TARGET_NAME)";
				SWIFT_EMIT_LOC_STRINGS = YES;
				SWIFT_VERSION = 5.0;
				TARGETED_DEVICE_FAMILY = "1,2";
			};
			name = Debug;
		};
		12A25ED72938692B001ECFEE /* Release */ = {
			isa = XCBuildConfiguration;
			buildSettings = {
				ASSETCATALOG_COMPILER_APPICON_NAME = AppIcon;
				ASSETCATALOG_COMPILER_GLOBAL_ACCENT_COLOR_NAME = AccentColor;
				CODE_SIGN_STYLE = Automatic;
				CURRENT_PROJECT_VERSION = 1;
				GENERATE_INFOPLIST_FILE = YES;
				INFOPLIST_FILE = CompositionalLayoutDemoApp/Info.plist;
				INFOPLIST_KEY_UIApplicationSupportsIndirectInputEvents = YES;
				INFOPLIST_KEY_UILaunchStoryboardName = LaunchScreen;
				INFOPLIST_KEY_UIMainStoryboardFile = Main;
				INFOPLIST_KEY_UISupportedInterfaceOrientations_iPad = "UIInterfaceOrientationPortrait UIInterfaceOrientationPortraitUpsideDown UIInterfaceOrientationLandscapeLeft UIInterfaceOrientationLandscapeRight";
				INFOPLIST_KEY_UISupportedInterfaceOrientations_iPhone = "UIInterfaceOrientationPortrait UIInterfaceOrientationLandscapeLeft UIInterfaceOrientationLandscapeRight";
				LD_RUNPATH_SEARCH_PATHS = (
					"$(inherited)",
					"@executable_path/Frameworks",
				);
				MARKETING_VERSION = 1.0;
				PRODUCT_BUNDLE_IDENTIFIER = com.daesy.CompositionalLayoutDemoApp;
				PRODUCT_NAME = "$(TARGET_NAME)";
				SWIFT_EMIT_LOC_STRINGS = YES;
				SWIFT_VERSION = 5.0;
				TARGETED_DEVICE_FAMILY = "1,2";
			};
			name = Release;
		};
/* End XCBuildConfiguration section */

/* Begin XCConfigurationList section */
		12A25EBC29386929001ECFEE /* Build configuration list for PBXProject "CompositionalLayoutDemoApp" */ = {
			isa = XCConfigurationList;
			buildConfigurations = (
				12A25ED32938692B001ECFEE /* Debug */,
				12A25ED42938692B001ECFEE /* Release */,
			);
			defaultConfigurationIsVisible = 0;
			defaultConfigurationName = Release;
		};
		12A25ED52938692B001ECFEE /* Build configuration list for PBXNativeTarget "CompositionalLayoutDemoApp" */ = {
			isa = XCConfigurationList;
			buildConfigurations = (
				12A25ED62938692B001ECFEE /* Debug */,
				12A25ED72938692B001ECFEE /* Release */,
			);
			defaultConfigurationIsVisible = 0;
			defaultConfigurationName = Release;
		};
/* End XCConfigurationList section */
	};
	rootObject = 12A25EB929386929001ECFEE /* Project object */;
}
